// !$*UTF8*$!
{
	archiveVersion = 1;
	classes = {
	};
	objectVersion = 46;
	objects = {

/* Begin PBXBuildFile section */
		F42354D21BCBA23700E18A80 /* main.m in Sources */ = {isa = PBXBuildFile; fileRef = F42354D11BCBA23700E18A80 /* main.m */; };
		F42354D51BCBA23700E18A80 /* AppDelegate.m in Sources */ = {isa = PBXBuildFile; fileRef = F42354D41BCBA23700E18A80 /* AppDelegate.m */; };
		F42354D71BCBA23700E18A80 /* Images.xcassets in Resources */ = {isa = PBXBuildFile; fileRef = F42354D61BCBA23700E18A80 /* Images.xcassets */; };
		F42354DA1BCBA23700E18A80 /* LaunchScreen.xib in Resources */ = {isa = PBXBuildFile; fileRef = F42354D81BCBA23700E18A80 /* LaunchScreen.xib */; };
		F42354E61BCBA23700E18A80 /* UI_Lesson1_UILabelTests.m in Sources */ = {isa = PBXBuildFile; fileRef = F42354E51BCBA23700E18A80 /* UI_Lesson1_UILabelTests.m */; };
/* End PBXBuildFile section */

/* Begin PBXContainerItemProxy section */
		F42354E01BCBA23700E18A80 /* PBXContainerItemProxy */ = {
			isa = PBXContainerItemProxy;
			containerPortal = F42354C41BCBA23700E18A80 /* Project object */;
			proxyType = 1;
			remoteGlobalIDString = F42354CB1BCBA23700E18A80;
			remoteInfo = UI_Lesson1_UILabel;
		};
/* End PBXContainerItemProxy section */

/* Begin PBXFileReference section */
		F42354CC1BCBA23700E18A80 /* UI_Lesson1_UILabel.app */ = {isa = PBXFileReference; explicitFileType = wrapper.application; includeInIndex = 0; path = UI_Lesson1_UILabel.app; sourceTree = BUILT_PRODUCTS_DIR; };
		F42354D01BCBA23700E18A80 /* Info.plist */ = {isa = PBXFileReference; lastKnownFileType = text.plist.xml; path = Info.plist; sourceTree = "<group>"; };
		F42354D11BCBA23700E18A80 /* main.m */ = {isa = PBXFileReference; lastKnownFileType = sourcecode.c.objc; path = main.m; sourceTree = "<group>"; };
		F42354D31BCBA23700E18A80 /* AppDelegate.h */ = {isa = PBXFileReference; lastKnownFileType = sourcecode.c.h; path = AppDelegate.h; sourceTree = "<group>"; };
		F42354D41BCBA23700E18A80 /* AppDelegate.m */ = {isa = PBXFileReference; lastKnownFileType = sourcecode.c.objc; path = AppDelegate.m; sourceTree = "<group>"; };
		F42354D61BCBA23700E18A80 /* Images.xcassets */ = {isa = PBXFileReference; lastKnownFileType = folder.assetcatalog; path = Images.xcassets; sourceTree = "<group>"; };
		F42354D91BCBA23700E18A80 /* Base */ = {isa = PBXFileReference; lastKnownFileType = file.xib; name = Base; path = Base.lproj/LaunchScreen.xib; sourceTree = "<group>"; };
		F42354DF1BCBA23700E18A80 /* UI_Lesson1_UILabelTests.xctest */ = {isa = PBXFileReference; explicitFileType = wrapper.cfbundle; includeInIndex = 0; path = UI_Lesson1_UILabelTests.xctest; sourceTree = BUILT_PRODUCTS_DIR; };
		F42354E41BCBA23700E18A80 /* Info.plist */ = {isa = PBXFileReference; lastKnownFileType = text.plist.xml; path = Info.plist; sourceTree = "<group>"; };
		F42354E51BCBA23700E18A80 /* UI_Lesson1_UILabelTests.m */ = {isa = PBXFileReference; lastKnownFileType = sourcecode.c.objc; path = UI_Lesson1_UILabelTests.m; sourceTree = "<group>"; };
/* End PBXFileReference section */

/* Begin PBXFrameworksBuildPhase section */
		F42354C91BCBA23700E18A80 /* Frameworks */ = {
			isa = PBXFrameworksBuildPhase;
			buildActionMask = 2147483647;
			files = (
			);
			runOnlyForDeploymentPostprocessing = 0;
		};
		F42354DC1BCBA23700E18A80 /* Frameworks */ = {
			isa = PBXFrameworksBuildPhase;
			buildActionMask = 2147483647;
			files = (
			);
			runOnlyForDeploymentPostprocessing = 0;
		};
/* End PBXFrameworksBuildPhase section */

/* Begin PBXGroup section */
		F42354C31BCBA23700E18A80 = {
			isa = PBXGroup;
			children = (
				F42354CE1BCBA23700E18A80 /* UI_Lesson1_UILabel */,
				F42354E21BCBA23700E18A80 /* UI_Lesson1_UILabelTests */,
				F42354CD1BCBA23700E18A80 /* Products */,
			);
			sourceTree = "<group>";
		};
		F42354CD1BCBA23700E18A80 /* Products */ = {
			isa = PBXGroup;
			children = (
				F42354CC1BCBA23700E18A80 /* UI_Lesson1_UILabel.app */,
				F42354DF1BCBA23700E18A80 /* UI_Lesson1_UILabelTests.xctest */,
			);
			name = Products;
			sourceTree = "<group>";
		};
		F42354CE1BCBA23700E18A80 /* UI_Lesson1_UILabel */ = {
			isa = PBXGroup;
			children = (
				F42354D31BCBA23700E18A80 /* AppDelegate.h */,
				F42354D41BCBA23700E18A80 /* AppDelegate.m */,
				F42354D61BCBA23700E18A80 /* Images.xcassets */,
				F42354D81BCBA23700E18A80 /* LaunchScreen.xib */,
				F42354CF1BCBA23700E18A80 /* Supporting Files */,
			);
			path = UI_Lesson1_UILabel;
			sourceTree = "<group>";
		};
		F42354CF1BCBA23700E18A80 /* Supporting Files */ = {
			isa = PBXGroup;
			children = (
				F42354D01BCBA23700E18A80 /* Info.plist */,
				F42354D11BCBA23700E18A80 /* main.m */,
			);
			name = "Supporting Files";
			sourceTree = "<group>";
		};
		F42354E21BCBA23700E18A80 /* UI_Lesson1_UILabelTests */ = {
			isa = PBXGroup;
			children = (
				F42354E51BCBA23700E18A80 /* UI_Lesson1_UILabelTests.m */,
				F42354E31BCBA23700E18A80 /* Supporting Files */,
			);
			path = UI_Lesson1_UILabelTests;
			sourceTree = "<group>";
		};
		F42354E31BCBA23700E18A80 /* Supporting Files */ = {
			isa = PBXGroup;
			children = (
				F42354E41BCBA23700E18A80 /* Info.plist */,
			);
			name = "Supporting Files";
			sourceTree = "<group>";
		};
/* End PBXGroup section */

/* Begin PBXNativeTarget section */
		F42354CB1BCBA23700E18A80 /* UI_Lesson1_UILabel */ = {
			isa = PBXNativeTarget;
			buildConfigurationList = F42354E91BCBA23700E18A80 /* Build configuration list for PBXNativeTarget "UI_Lesson1_UILabel" */;
			buildPhases = (
				F42354C81BCBA23700E18A80 /* Sources */,
				F42354C91BCBA23700E18A80 /* Frameworks */,
				F42354CA1BCBA23700E18A80 /* Resources */,
			);
			buildRules = (
			);
			dependencies = (
			);
			name = UI_Lesson1_UILabel;
			productName = UI_Lesson1_UILabel;
			productReference = F42354CC1BCBA23700E18A80 /* UI_Lesson1_UILabel.app */;
			productType = "com.apple.product-type.application";
		};
		F42354DE1BCBA23700E18A80 /* UI_Lesson1_UILabelTests */ = {
			isa = PBXNativeTarget;
			buildConfigurationList = F42354EC1BCBA23700E18A80 /* Build configuration list for PBXNativeTarget "UI_Lesson1_UILabelTests" */;
			buildPhases = (
				F42354DB1BCBA23700E18A80 /* Sources */,
				F42354DC1BCBA23700E18A80 /* Frameworks */,
				F42354DD1BCBA23700E18A80 /* Resources */,
			);
			buildRules = (
			);
			dependencies = (
				F42354E11BCBA23700E18A80 /* PBXTargetDependency */,
			);
			name = UI_Lesson1_UILabelTests;
			productName = UI_Lesson1_UILabelTests;
			productReference = F42354DF1BCBA23700E18A80 /* UI_Lesson1_UILabelTests.xctest */;
			productType = "com.apple.product-type.bundle.unit-test";
		};
/* End PBXNativeTarget section */

/* Begin PBXProject section */
		F42354C41BCBA23700E18A80 /* Project object */ = {
			isa = PBXProject;
			attributes = {
				LastUpgradeCheck = 0610;
				ORGANIZATIONNAME = "大龙";
				TargetAttributes = {
					F42354CB1BCBA23700E18A80 = {
						CreatedOnToolsVersion = 6.1;
					};
					F42354DE1BCBA23700E18A80 = {
						CreatedOnToolsVersion = 6.1;
						TestTargetID = F42354CB1BCBA23700E18A80;
					};
				};
			};
			buildConfigurationList = F42354C71BCBA23700E18A80 /* Build configuration list for PBXProject "UI_Lesson1_UILabel" */;
			compatibilityVersion = "Xcode 3.2";
			developmentRegion = English;
			hasScannedForEncodings = 0;
			knownRegions = (
				en,
				Base,
			);
			mainGroup = F42354C31BCBA23700E18A80;
			productRefGroup = F42354CD1BCBA23700E18A80 /* Products */;
			projectDirPath = "";
			projectRoot = "";
			targets = (
				F42354CB1BCBA23700E18A80 /* UI_Lesson1_UILabel */,
				F42354DE1BCBA23700E18A80 /* UI_Lesson1_UILabelTests */,
			);
		};
/* End PBXProject section */

/* Begin PBXResourcesBuildPhase section */
		F42354CA1BCBA23700E18A80 /* Resources */ = {
			isa = PBXResourcesBuildPhase;
			buildActionMask = 2147483647;
			files = (
				F42354DA1BCBA23700E18A80 /* LaunchScreen.xib in Resources */,
				F42354D71BCBA23700E18A80 /* Images.xcassets in Resources */,
			);
			runOnlyForDeploymentPostprocessing = 0;
		};
		F42354DD1BCBA23700E18A80 /* Resources */ = {
			isa = PBXResourcesBuildPhase;
			buildActionMask = 2147483647;
			files = (
			);
			runOnlyForDeploymentPostprocessing = 0;
		};
/* End PBXResourcesBuildPhase section */

/* Begin PBXSourcesBuildPhase section */
		F42354C81BCBA23700E18A80 /* Sources */ = {
			isa = PBXSourcesBuildPhase;
			buildActionMask = 2147483647;
			files = (
				F42354D51BCBA23700E18A80 /* AppDelegate.m in Sources */,
				F42354D21BCBA23700E18A80 /* main.m in Sources */,
			);
			runOnlyForDeploymentPostprocessing = 0;
		};
		F42354DB1BCBA23700E18A80 /* Sources */ = {
			isa = PBXSourcesBuildPhase;
			buildActionMask = 2147483647;
			files = (
				F42354E61BCBA23700E18A80 /* UI_Lesson1_UILabelTests.m in Sources */,
			);
			runOnlyForDeploymentPostprocessing = 0;
		};
/* End PBXSourcesBuildPhase section */

/* Begin PBXTargetDependency section */
		F42354E11BCBA23700E18A80 /* PBXTargetDependency */ = {
			isa = PBXTargetDependency;
			target = F42354CB1BCBA23700E18A80 /* UI_Lesson1_UILabel */;
			targetProxy = F42354E01BCBA23700E18A80 /* PBXContainerItemProxy */;
		};
/* End PBXTargetDependency section */

/* Begin PBXVariantGroup section */
		F42354D81BCBA23700E18A80 /* LaunchScreen.xib */ = {
			isa = PBXVariantGroup;
			children = (
				F42354D91BCBA23700E18A80 /* Base */,
			);
			name = LaunchScreen.xib;
			sourceTree = "<group>";
		};
/* End PBXVariantGroup section */

/* Begin XCBuildConfiguration section */
		F42354E71BCBA23700E18A80 /* Debug */ = {
			isa = XCBuildConfiguration;
			buildSettings = {
				ALWAYS_SEARCH_USER_PATHS = NO;
				CLANG_CXX_LANGUAGE_STANDARD = "gnu++0x";
				CLANG_CXX_LIBRARY = "libc++";
				CLANG_ENABLE_MODULES = YES;
				CLANG_ENABLE_OBJC_ARC = YES;
				CLANG_WARN_BOOL_CONVERSION = YES;
				CLANG_WARN_CONSTANT_CONVERSION = YES;
				CLANG_WARN_DIRECT_OBJC_ISA_USAGE = YES_ERROR;
				CLANG_WARN_EMPTY_BODY = YES;
				CLANG_WARN_ENUM_CONVERSION = YES;
				CLANG_WARN_INT_CONVERSION = YES;
				CLANG_WARN_OBJC_ROOT_CLASS = YES_ERROR;
				CLANG_WARN_UNREACHABLE_CODE = YES;
				CLANG_WARN__DUPLICATE_METHOD_MATCH = YES;
				"CODE_SIGN_IDENTITY[sdk=iphoneos*]" = "iPhone Developer";
				COPY_PHASE_STRIP = NO;
				ENABLE_STRICT_OBJC_MSGSEND = YES;
				GCC_C_LANGUAGE_STANDARD = gnu99;
				GCC_DYNAMIC_NO_PIC = NO;
				GCC_OPTIMIZATION_LEVEL = 0;
				GCC_PREPROCESSOR_DEFINITIONS = (
					"DEBUG=1",
					"$(inherited)",
				);
				GCC_SYMBOLS_PRIVATE_EXTERN = NO;
				GCC_WARN_64_TO_32_BIT_CONVERSION = YES;
				GCC_WARN_ABOUT_RETURN_TYPE = YES_ERROR;
				GCC_WARN_UNDECLARED_SELECTOR = YES;
				GCC_WARN_UNINITIALIZED_AUTOS = YES_AGGRESSIVE;
				GCC_WARN_UNUSED_FUNCTION = YES;
				GCC_WARN_UNUSED_VARIABLE = YES;
				IPHONEOS_DEPLOYMENT_TARGET = 8.1;
				MTL_ENABLE_DEBUG_INFO = YES;
				ONLY_ACTIVE_ARCH = YES;
				SDKROOT = iphoneos;
			};
			name = Debug;
		};
		F42354E81BCBA23700E18A80 /* Release */ = {
			isa = XCBuildConfiguration;
			buildSettings = {
				ALWAYS_SEARCH_USER_PATHS = NO;
				CLANG_CXX_LANGUAGE_STANDARD = "gnu++0x";
				CLANG_CXX_LIBRARY = "libc++";
				CLANG_ENABLE_MODULES = YES;
				CLANG_ENABLE_OBJC_ARC = YES;
				CLANG_WARN_BOOL_CONVERSION = YES;
				CLANG_WARN_CONSTANT_CONVERSION = YES;
				CLANG_WARN_DIRECT_OBJC_ISA_USAGE = YES_ERROR;
				CLANG_WARN_EMPTY_BODY = YES;
				CLANG_WARN_ENUM_CONVERSION = YES;
				CLANG_WARN_INT_CONVERSION = YES;
				CLANG_WARN_OBJC_ROOT_CLASS = YES_ERROR;
				CLANG_WARN_UNREACHABLE_CODE = YES;
				CLANG_WARN__DUPLICATE_METHOD_MATCH = YES;
				"CODE_SIGN_IDENTITY[sdk=iphoneos*]" = "iPhone Developer";
				COPY_PHASE_STRIP = YES;
				ENABLE_NS_ASSERTIONS = NO;
				ENABLE_STRICT_OBJC_MSGSEND = YES;
				GCC_C_LANGUAGE_STANDARD = gnu99;
				GCC_WARN_64_TO_32_BIT_CONVERSION = YES;
				GCC_WARN_ABOUT_RETURN_TYPE = YES_ERROR;
				GCC_WARN_UNDECLARED_SELECTOR = YES;
				GCC_WARN_UNINITIALIZED_AUTOS = YES_AGGRESSIVE;
				GCC_WARN_UNUSED_FUNCTION = YES;
				GCC_WARN_UNUSED_VARIABLE = YES;
				IPHONEOS_DEPLOYMENT_TARGET = 8.1;
				MTL_ENABLE_DEBUG_INFO = NO;
				SDKROOT = iphoneos;
				VALIDATE_PRODUCT = YES;
			};
			name = Release;
		};
		F42354EA1BCBA23700E18A80 /* Debug */ = {
			isa = XCBuildConfiguration;
			buildSettings = {
				ASSETCATALOG_COMPILER_APPICON_NAME = AppIcon;
				INFOPLIST_FILE = UI_Lesson1_UILabel/Info.plist;
				LD_RUNPATH_SEARCH_PATHS = "$(inherited) @executable_path/Frameworks";
				PRODUCT_NAME = "$(TARGET_NAME)";
			};
			name = Debug;
		};
		F42354EB1BCBA23700E18A80 /* Release */ = {
			isa = XCBuildConfiguration;
			buildSettings = {
				ASSETCATALOG_COMPILER_APPICON_NAME = AppIcon;
				INFOPLIST_FILE = UI_Lesson1_UILabel/Info.plist;
				LD_RUNPATH_SEARCH_PATHS = "$(inherited) @executable_path/Frameworks";
				PRODUCT_NAME = "$(TARGET_NAME)";
			};
			name = Release;
		};
		F42354ED1BCBA23700E18A80 /* Debug */ = {
			isa = XCBuildConfiguration;
			buildSettings = {
				BUNDLE_LOADER = "$(TEST_HOST)";
				FRAMEWORK_SEARCH_PATHS = (
					"$(SDKROOT)/Developer/Library/Frameworks",
					"$(inherited)",
				);
				GCC_PREPROCESSOR_DEFINITIONS = (
					"DEBUG=1",
					"$(inherited)",
				);
				INFOPLIST_FILE = UI_Lesson1_UILabelTests/Info.plist;
				LD_RUNPATH_SEARCH_PATHS = "$(inherited) @executable_path/Frameworks @loader_path/Frameworks";
				PRODUCT_NAME = "$(TARGET_NAME)";
				TEST_HOST = "$(BUILT_PRODUCTS_DIR)/UI_Lesson1_UILabel.app/UI_Lesson1_UILabel";
			};
			name = Debug;
		};
		F42354EE1BCBA23700E18A80 /* Release */ = {
			isa = XCBuildConfiguration;
			buildSettings = {
				BUNDLE_LOADER = "$(TEST_HOST)";
				FRAMEWORK_SEARCH_PATHS = (
					"$(SDKROOT)/Developer/Library/Frameworks",
					"$(inherited)",
				);
				INFOPLIST_FILE = UI_Lesson1_UILabelTests/Info.plist;
				LD_RUNPATH_SEARCH_PATHS = "$(inherited) @executable_path/Frameworks @loader_path/Frameworks";
				PRODUCT_NAME = "$(TARGET_NAME)";
				TEST_HOST = "$(BUILT_PRODUCTS_DIR)/UI_Lesson1_UILabel.app/UI_Lesson1_UILabel";
			};
			name = Release;
		};
/* End XCBuildConfiguration section */

/* Begin XCConfigurationList section */
		F42354C71BCBA23700E18A80 /* Build configuration list for PBXProject "UI_Lesson1_UILabel" */ = {
			isa = XCConfigurationList;
			buildConfigurations = (
				F42354E71BCBA23700E18A80 /* Debug */,
				F42354E81BCBA23700E18A80 /* Release */,
			);
			defaultConfigurationIsVisible = 0;
			defaultConfigurationName = Release;
		};
		F42354E91BCBA23700E18A80 /* Build configuration list for PBXNativeTarget "UI_Lesson1_UILabel" */ = {
			isa = XCConfigurationList;
			buildConfigurations = (
				F42354EA1BCBA23700E18A80 /* Debug */,
				F42354EB1BCBA23700E18A80 /* Release */,
			);
			defaultConfigurationIsVisible = 0;
		};
		F42354EC1BCBA23700E18A80 /* Build configuration list for PBXNativeTarget "UI_Lesson1_UILabelTests" */ = {
			isa = XCConfigurationList;
			buildConfigurations = (
				F42354ED1BCBA23700E18A80 /* Debug */,
				F42354EE1BCBA23700E18A80 /* Release */,
			);
			defaultConfigurationIsVisible = 0;
		};
/* End XCConfigurationList section */
	};
	rootObject = F42354C41BCBA23700E18A80 /* Project object */;
}
